<Solution>
  <Folder Name="/src/">
    <Project Path="src/Litos.Agent/Litos.Agent.csproj" />
    <Project Path="src/Litos.Api/Litos.Api.csproj" />
    <Project Path="src/Litos.Console/Litos.Console.csproj" />
    <Project Path="src/Litos.Gui/Litos.Gui.csproj" />
    <Project Path="src/Litos.Host/Litos.Host.csproj" />
    <Project Path="src/Litos.Persistence/Litos.Persistence.csproj" />
    <Project Path="src/Litos.Providers.Anthropic/Litos.Providers.Anthropic.csproj" />
    <Project Path="src/Litos.Providers.Gemini/Litos.Providers.Gemini.csproj" />
    <Project Path="src/Litos.Providers.OpenAI/Litos.Providers.OpenAI.csproj" />
    <Project Path="src/Litos.Providers.OpenRouter/Litos.Providers.OpenRouter.csproj" />
    <Project Path="src/Litos.Tools/Litos.Tools.csproj" />
    <Project Path="src/Litos.Tools.Mcp/Litos.Tools.Mcp.csproj" />
    <Project Path="src/Litos.VsCodeHost/Litos.VsCodeHost.csproj" />
  </Folder>
  <Folder Name="/tests/">
    <Project Path="tests/Litos.Agent.Tests/Litos.Agent.Tests.csproj" />
    <Project Path="tests/Litos.Api.Tests/Litos.Api.Tests.csproj" />
    <Project Path="tests/Litos.Console.Tests/Litos.Console.Tests.csproj" />
    <Project Path="tests/Litos.Gui.Tests/Litos.Gui.Tests.csproj" />
    <Project Path="tests/Litos.Host.Tests/Litos.Host.Tests.csproj" />
    <Project Path="tests/Litos.Persistence.Tests/Litos.Persistence.Tests.csproj" />
    <Project Path="tests/Litos.Providers.Tests/Litos.Providers.Tests.csproj" />
    <Project Path="tests/Litos.Tools.Tests/Litos.Tools.Tests.csproj" />
    <Project Path="tests/Litos.Tools.Mcp.Tests/Litos.Tools.Mcp.Tests.csproj" />
    <Project Path="tests/Litos.VsCodeHost.Tests/Litos.VsCodeHost.Tests.csproj" />
  </Folder>
</Solution>
